
Microsoft Visual Studio Solution File, Format Version 12.00
# Visual Studio Version 17
VisualStudioVersion = 17.3.32804.467
MinimumVisualStudioVersion = 10.0.40219.1
Project("{FAE04EC0-301F-11D3-BF4B-00C04F79EFBC}") = "ArchitectureWebAPI", "ArchitectureWebAPI\ArchitectureWebAPI.csproj", "{03E89D5B-69DE-4FE1-88F2-A3714CCAE124}"
EndProject
Project("{FAE04EC0-301F-11D3-BF4B-00C04F79EFBC}") = "Architecture.Entities", "Architecture.Entities\Architecture.Entities.csproj", "{F133895B-C0CF-46BB-8A52-AA5E8A98EE54}"
EndProject
Project("{FAE04EC0-301F-11D3-BF4B-00C04F79EFBC}") = "Architecture.DataService", "Architecture.DataService\Architecture.DataService.csproj", "{CC90F58A-2BB3-40B3-B37B-EE8ABF21CDD1}"
EndProject
Global
	GlobalSection(SolutionConfigurationPlatforms) = preSolution
		Debug|Any CPU = Debug|Any CPU
		Release|Any CPU = Release|Any CPU
	EndGlobalSection
	GlobalSection(ProjectConfigurationPlatforms) = postSolution
		{03E89D5B-69DE-4FE1-88F2-A3714CCAE124}.Debug|Any CPU.ActiveCfg = Debug|Any CPU
		{03E89D5B-69DE-4FE1-88F2-A3714CCAE124}.Debug|Any CPU.Build.0 = Debug|Any CPU
		{03E89D5B-69DE-4FE1-88F2-A3714CCAE124}.Release|Any CPU.ActiveCfg = Release|Any CPU
		{03E89D5B-69DE-4FE1-88F2-A3714CCAE124}.Release|Any CPU.Build.0 = Release|Any CPU
		{F133895B-C0CF-46BB-8A52-AA5E8A98EE54}.Debug|Any CPU.ActiveCfg = Debug|Any CPU
		{F133895B-C0CF-46BB-8A52-AA5E8A98EE54}.Debug|Any CPU.Build.0 = Debug|Any CPU
		{F133895B-C0CF-46BB-8A52-AA5E8A98EE54}.Release|Any CPU.ActiveCfg = Release|Any CPU
		{F133895B-C0CF-46BB-8A52-AA5E8A98EE54}.Release|Any CPU.Build.0 = Release|Any CPU
		{CC90F58A-2BB3-40B3-B37B-EE8ABF21CDD1}.Debug|Any CPU.ActiveCfg = Debug|Any CPU
		{CC90F58A-2BB3-40B3-B37B-EE8ABF21CDD1}.Debug|Any CPU.Build.0 = Debug|Any CPU
		{CC90F58A-2BB3-40B3-B37B-EE8ABF21CDD1}.Release|Any CPU.ActiveCfg = Release|Any CPU
		{CC90F58A-2BB3-40B3-B37B-EE8ABF21CDD1}.Release|Any CPU.Build.0 = Release|Any CPU
	EndGlobalSection
	GlobalSection(SolutionProperties) = preSolution
		HideSolutionNode = FALSE
	EndGlobalSection
	GlobalSection(ExtensibilityGlobals) = postSolution
		SolutionGuid = {410A4C57-D997-4105-B0C3-1043E051BE08}
	EndGlobalSection
EndGlobal
